// !$*UTF8*$!
{
	archiveVersion = 1;
	classes = {
	};
	objectVersion = 46;
	objects = {

/* Begin PBXBuildFile section */
		9481773B1E44050E00B05C1D /* AppDelegate.swift in Sources */ = {isa = PBXBuildFile; fileRef = 9481773A1E44050E00B05C1D /* AppDelegate.swift */; };
		9481773D1E44050E00B05C1D /* ViewController.swift in Sources */ = {isa = PBXBuildFile; fileRef = 9481773C1E44050E00B05C1D /* ViewController.swift */; };
		948177401E44050E00B05C1D /* Main.storyboard in Resources */ = {isa = PBXBuildFile; fileRef = 9481773E1E44050E00B05C1D /* Main.storyboard */; };
		948177431E44050E00B05C1D /* weather.xcdatamodeld in Sources */ = {isa = PBXBuildFile; fileRef = 948177411E44050E00B05C1D /* weather.xcdatamodeld */; };
		948177451E44050E00B05C1D /* Assets.xcassets in Resources */ = {isa = PBXBuildFile; fileRef = 948177441E44050E00B05C1D /* Assets.xcassets */; };
		948177481E44050E00B05C1D /* LaunchScreen.storyboard in Resources */ = {isa = PBXBuildFile; fileRef = 948177461E44050E00B05C1D /* LaunchScreen.storyboard */; };
		948177541E46758300B05C1D /* Constants.swift in Sources */ = {isa = PBXBuildFile; fileRef = 948177531E46758300B05C1D /* Constants.swift */; };
		948177561E4675BB00B05C1D /* Weather.swift in Sources */ = {isa = PBXBuildFile; fileRef = 948177551E4675BB00B05C1D /* Weather.swift */; };
		948177581E467F5F00B05C1D /* Extensions.swift in Sources */ = {isa = PBXBuildFile; fileRef = 948177571E467F5F00B05C1D /* Extensions.swift */; };
		B0AB17F30A482CA2C7643638 /* Pods_weather.framework in Frameworks */ = {isa = PBXBuildFile; fileRef = 72B652F71F6CD7DE48E4BF84 /* Pods_weather.framework */; };
/* End PBXBuildFile section */

/* Begin PBXFileReference section */
		3ED281820B0009F6E4E33D6F /* Pods-weather.debug.xcconfig */ = {isa = PBXFileReference; includeInIndex = 1; lastKnownFileType = text.xcconfig; name = "Pods-weather.debug.xcconfig"; path = "Pods/Target Support Files/Pods-weather/Pods-weather.debug.xcconfig"; sourceTree = "<group>"; };
		496F35F3542BFE67975EAB86 /* Pods-weather.release.xcconfig */ = {isa = PBXFileReference; includeInIndex = 1; lastKnownFileType = text.xcconfig; name = "Pods-weather.release.xcconfig"; path = "Pods/Target Support Files/Pods-weather/Pods-weather.release.xcconfig"; sourceTree = "<group>"; };
		72B652F71F6CD7DE48E4BF84 /* Pods_weather.framework */ = {isa = PBXFileReference; explicitFileType = wrapper.framework; includeInIndex = 0; path = Pods_weather.framework; sourceTree = BUILT_PRODUCTS_DIR; };
		948177371E44050E00B05C1D /* weather.app */ = {isa = PBXFileReference; explicitFileType = wrapper.application; includeInIndex = 0; path = weather.app; sourceTree = BUILT_PRODUCTS_DIR; };
		9481773A1E44050E00B05C1D /* AppDelegate.swift */ = {isa = PBXFileReference; lastKnownFileType = sourcecode.swift; path = AppDelegate.swift; sourceTree = "<group>"; };
		9481773C1E44050E00B05C1D /* ViewController.swift */ = {isa = PBXFileReference; lastKnownFileType = sourcecode.swift; path = ViewController.swift; sourceTree = "<group>"; };
		9481773F1E44050E00B05C1D /* Base */ = {isa = PBXFileReference; lastKnownFileType = file.storyboard; name = Base; path = Base.lproj/Main.storyboard; sourceTree = "<group>"; };
		948177421E44050E00B05C1D /* weather.xcdatamodel */ = {isa = PBXFileReference; lastKnownFileType = wrapper.xcdatamodel; path = weather.xcdatamodel; sourceTree = "<group>"; };
		948177441E44050E00B05C1D /* Assets.xcassets */ = {isa = PBXFileReference; lastKnownFileType = folder.assetcatalog; path = Assets.xcassets; sourceTree = "<group>"; };
		948177471E44050E00B05C1D /* Base */ = {isa = PBXFileReference; lastKnownFileType = file.storyboard; name = Base; path = Base.lproj/LaunchScreen.storyboard; sourceTree = "<group>"; };
		948177491E44050E00B05C1D /* Info.plist */ = {isa = PBXFileReference; lastKnownFileType = text.plist.xml; path = Info.plist; sourceTree = "<group>"; };
		948177531E46758300B05C1D /* Constants.swift */ = {isa = PBXFileReference; fileEncoding = 4; lastKnownFileType = sourcecode.swift; path = Constants.swift; sourceTree = "<group>"; };
		948177551E4675BB00B05C1D /* Weather.swift */ = {isa = PBXFileReference; fileEncoding = 4; lastKnownFileType = sourcecode.swift; path = Weather.swift; sourceTree = "<group>"; };
		948177571E467F5F00B05C1D /* Extensions.swift */ = {isa = PBXFileReference; fileEncoding = 4; lastKnownFileType = sourcecode.swift; path = Extensions.swift; sourceTree = "<group>"; };
/* End PBXFileReference section */

/* Begin PBXFrameworksBuildPhase section */
		948177341E44050D00B05C1D /* Frameworks */ = {
			isa = PBXFrameworksBuildPhase;
			buildActionMask = 2147483647;
			files = (
				B0AB17F30A482CA2C7643638 /* Pods_weather.framework in Frameworks */,
			);
			runOnlyForDeploymentPostprocessing = 0;
		};
/* End PBXFrameworksBuildPhase section */

/* Begin PBXGroup section */
		24D556A973574E0FECB9262B /* Pods */ = {
			isa = PBXGroup;
			children = (
				3ED281820B0009F6E4E33D6F /* Pods-weather.debug.xcconfig */,
				496F35F3542BFE67975EAB86 /* Pods-weather.release.xcconfig */,
			);
			name = Pods;
			sourceTree = "<group>";
		};
		9481772E1E44050D00B05C1D = {
			isa = PBXGroup;
			children = (
				948177391E44050E00B05C1D /* weather */,
				948177381E44050E00B05C1D /* Products */,
				24D556A973574E0FECB9262B /* Pods */,
				C04AEB4CCAB113DD2FFA0F6A /* Frameworks */,
			);
			sourceTree = "<group>";
		};
		948177381E44050E00B05C1D /* Products */ = {
			isa = PBXGroup;
			children = (
				948177371E44050E00B05C1D /* weather.app */,
			);
			name = Products;
			sourceTree = "<group>";
		};
		948177391E44050E00B05C1D /* weather */ = {
			isa = PBXGroup;
			children = (
				9481774F1E46754800B05C1D /* Model */,
				948177501E46755000B05C1D /* View */,
				948177511E46755500B05C1D /* Controller */,
				948177521E46755D00B05C1D /* Constants */,
				9481773A1E44050E00B05C1D /* AppDelegate.swift */,
				9481773C1E44050E00B05C1D /* ViewController.swift */,
				9481773E1E44050E00B05C1D /* Main.storyboard */,
				948177441E44050E00B05C1D /* Assets.xcassets */,
				948177461E44050E00B05C1D /* LaunchScreen.storyboard */,
				948177491E44050E00B05C1D /* Info.plist */,
				948177411E44050E00B05C1D /* weather.xcdatamodeld */,
			);
			path = weather;
			sourceTree = "<group>";
		};
		9481774F1E46754800B05C1D /* Model */ = {
			isa = PBXGroup;
			children = (
				948177551E4675BB00B05C1D /* Weather.swift */,
			);
			name = Model;
			sourceTree = "<group>";
		};
		948177501E46755000B05C1D /* View */ = {
			isa = PBXGroup;
			children = (
			);
			name = View;
			sourceTree = "<group>";
		};
		948177511E46755500B05C1D /* Controller */ = {
			isa = PBXGroup;
			children = (
			);
			name = Controller;
			sourceTree = "<group>";
		};
		948177521E46755D00B05C1D /* Constants */ = {
			isa = PBXGroup;
			children = (
				948177531E46758300B05C1D /* Constants.swift */,
				948177571E467F5F00B05C1D /* Extensions.swift */,
			);
			name = Constants;
			sourceTree = "<group>";
		};
		C04AEB4CCAB113DD2FFA0F6A /* Frameworks */ = {
			isa = PBXGroup;
			children = (
				72B652F71F6CD7DE48E4BF84 /* Pods_weather.framework */,
			);
			name = Frameworks;
			sourceTree = "<group>";
		};
/* End PBXGroup section */

/* Begin PBXNativeTarget section */
		948177361E44050D00B05C1D /* weather */ = {
			isa = PBXNativeTarget;
			buildConfigurationList = 9481774C1E44050E00B05C1D /* Build configuration list for PBXNativeTarget "weather" */;
			buildPhases = (
				F2C25B07DC7B52352BFB1D52 /* [CP] Check Pods Manifest.lock */,
				948177331E44050D00B05C1D /* Sources */,
				948177341E44050D00B05C1D /* Frameworks */,
				948177351E44050D00B05C1D /* Resources */,
				F5D0DCA31D571CE2DDE8EF97 /* [CP] Embed Pods Frameworks */,
				93CFECE51DA1ADC884A839C4 /* [CP] Copy Pods Resources */,
			);
			buildRules = (
			);
			dependencies = (
			);
			name = weather;
			productName = weather;
			productReference = 948177371E44050E00B05C1D /* weather.app */;
			productType = "com.apple.product-type.application";
		};
/* End PBXNativeTarget section */

/* Begin PBXProject section */
		9481772F1E44050D00B05C1D /* Project object */ = {
			isa = PBXProject;
			attributes = {
				LastSwiftUpdateCheck = 0820;
				LastUpgradeCheck = 0820;
				ORGANIZATIONNAME = ryan;
				TargetAttributes = {
					948177361E44050D00B05C1D = {
						CreatedOnToolsVersion = 8.2.1;
						ProvisioningStyle = Automatic;
					};
				};
			};
			buildConfigurationList = 948177321E44050D00B05C1D /* Build configuration list for PBXProject "weather" */;
			compatibilityVersion = "Xcode 3.2";
			developmentRegion = English;
			hasScannedForEncodings = 0;
			knownRegions = (
				en,
				Base,
			);
			mainGroup = 9481772E1E44050D00B05C1D;
			productRefGroup = 948177381E44050E00B05C1D /* Products */;
			projectDirPath = "";
			projectRoot = "";
			targets = (
				948177361E44050D00B05C1D /* weather */,
			);
		};
/* End PBXProject section */

/* Begin PBXResourcesBuildPhase section */
		948177351E44050D00B05C1D /* Resources */ = {
			isa = PBXResourcesBuildPhase;
			buildActionMask = 2147483647;
			files = (
				948177481E44050E00B05C1D /* LaunchScreen.storyboard in Resources */,
				948177451E44050E00B05C1D /* Assets.xcassets in Resources */,
				948177401E44050E00B05C1D /* Main.storyboard in Resources */,
			);
			runOnlyForDeploymentPostprocessing = 0;
		};
/* End PBXResourcesBuildPhase section */

/* Begin PBXShellScriptBuildPhase section */
		93CFECE51DA1ADC884A839C4 /* [CP] Copy Pods Resources */ = {
			isa = PBXShellScriptBuildPhase;
			buildActionMask = 2147483647;
			files = (
			);
			inputPaths = (
			);
			name = "[CP] Copy Pods Resources";
			outputPaths = (
			);
			runOnlyForDeploymentPostprocessing = 0;
			shellPath = /bin/sh;
			shellScript = "\"${SRCROOT}/Pods/Target Support Files/Pods-weather/Pods-weather-resources.sh\"\n";
			showEnvVarsInLog = 0;
		};
		F2C25B07DC7B52352BFB1D52 /* [CP] Check Pods Manifest.lock */ = {
			isa = PBXShellScriptBuildPhase;
			buildActionMask = 2147483647;
			files = (
			);
			inputPaths = (
			);
			name = "[CP] Check Pods Manifest.lock";
			outputPaths = (
			);
			runOnlyForDeploymentPostprocessing = 0;
			shellPath = /bin/sh;
			shellScript = "diff \"${PODS_ROOT}/../Podfile.lock\" \"${PODS_ROOT}/Manifest.lock\" > /dev/null\nif [ $? != 0 ] ; then\n    # print error to STDERR\n    echo \"error: The sandbox is not in sync with the Podfile.lock. Run 'pod install' or update your CocoaPods installation.\" >&2\n    exit 1\nfi\n";
			showEnvVarsInLog = 0;
		};
		F5D0DCA31D571CE2DDE8EF97 /* [CP] Embed Pods Frameworks */ = {
			isa = PBXShellScriptBuildPhase;
			buildActionMask = 2147483647;
			files = (
			);
			inputPaths = (
			);
			name = "[CP] Embed Pods Frameworks";
			outputPaths = (
			);
			runOnlyForDeploymentPostprocessing = 0;
			shellPath = /bin/sh;
			shellScript = "\"${SRCROOT}/Pods/Target Support Files/Pods-weather/Pods-weather-frameworks.sh\"\n";
			showEnvVarsInLog = 0;
		};
/* End PBXShellScriptBuildPhase section */

/* Begin PBXSourcesBuildPhase section */
		948177331E44050D00B05C1D /* Sources */ = {
			isa = PBXSourcesBuildPhase;
			buildActionMask = 2147483647;
			files = (
				948177431E44050E00B05C1D /* weather.xcdatamodeld in Sources */,
				948177581E467F5F00B05C1D /* Extensions.swift in Sources */,
				9481773D1E44050E00B05C1D /* ViewController.swift in Sources */,
				9481773B1E44050E00B05C1D /* AppDelegate.swift in Sources */,
				948177541E46758300B05C1D /* Constants.swift in Sources */,
				948177561E4675BB00B05C1D /* Weather.swift in Sources */,
			);
			runOnlyForDeploymentPostprocessing = 0;
		};
/* End PBXSourcesBuildPhase section */

/* Begin PBXVariantGroup section */
		9481773E1E44050E00B05C1D /* Main.storyboard */ = {
			isa = PBXVariantGroup;
			children = (
				9481773F1E44050E00B05C1D /* Base */,
			);
			name = Main.storyboard;
			sourceTree = "<group>";
		};
		948177461E44050E00B05C1D /* LaunchScreen.storyboard */ = {
			isa = PBXVariantGroup;
			children = (
				948177471E44050E00B05C1D /* Base */,
			);
			name = LaunchScreen.storyboard;
			sourceTree = "<group>";
		};
/* End PBXVariantGroup section */

/* Begin XCBuildConfiguration section */
		9481774A1E44050E00B05C1D /* Debug */ = {
			isa = XCBuildConfiguration;
			buildSettings = {
				ALWAYS_SEARCH_USER_PATHS = NO;
				CLANG_ANALYZER_NONNULL = YES;
				CLANG_CXX_LANGUAGE_STANDARD = "gnu++0x";
				CLANG_CXX_LIBRARY = "libc++";
				CLANG_ENABLE_MODULES = YES;
				CLANG_ENABLE_OBJC_ARC = YES;
				CLANG_WARN_BOOL_CONVERSION = YES;
				CLANG_WARN_CONSTANT_CONVERSION = YES;
				CLANG_WARN_DIRECT_OBJC_ISA_USAGE = YES_ERROR;
				CLANG_WARN_DOCUMENTATION_COMMENTS = YES;
				CLANG_WARN_EMPTY_BODY = YES;
				CLANG_WARN_ENUM_CONVERSION = YES;
				CLANG_WARN_INFINITE_RECURSION = YES;
				CLANG_WARN_INT_CONVERSION = YES;
				CLANG_WARN_OBJC_ROOT_CLASS = YES_ERROR;
				CLANG_WARN_SUSPICIOUS_MOVE = YES;
				CLANG_WARN_UNREACHABLE_CODE = YES;
				CLANG_WARN__DUPLICATE_METHOD_MATCH = YES;
				"CODE_SIGN_IDENTITY[sdk=iphoneos*]" = "iPhone Developer";
				COPY_PHASE_STRIP = NO;
				DEBUG_INFORMATION_FORMAT = dwarf;
				ENABLE_STRICT_OBJC_MSGSEND = YES;
				ENABLE_TESTABILITY = YES;
				GCC_C_LANGUAGE_STANDARD = gnu99;
				GCC_DYNAMIC_NO_PIC = NO;
				GCC_NO_COMMON_BLOCKS = YES;
				GCC_OPTIMIZATION_LEVEL = 0;
				GCC_PREPROCESSOR_DEFINITIONS = (
					"DEBUG=1",
					"$(inherited)",
				);
				GCC_WARN_64_TO_32_BIT_CONVERSION = YES;
				GCC_WARN_ABOUT_RETURN_TYPE = YES_ERROR;
				GCC_WARN_UNDECLARED_SELECTOR = YES;
				GCC_WARN_UNINITIALIZED_AUTOS = YES_AGGRESSIVE;
				GCC_WARN_UNUSED_FUNCTION = YES;
				GCC_WARN_UNUSED_VARIABLE = YES;
				IPHONEOS_DEPLOYMENT_TARGET = 10.2;
				MTL_ENABLE_DEBUG_INFO = YES;
				ONLY_ACTIVE_ARCH = YES;
				SDKROOT = iphoneos;
				SWIFT_ACTIVE_COMPILATION_CONDITIONS = DEBUG;
				SWIFT_OPTIMIZATION_LEVEL = "-Onone";
				TARGETED_DEVICE_FAMILY = "1,2";
			};
			name = Debug;
		};
		9481774B1E44050E00B05C1D /* Release */ = {
			isa = XCBuildConfiguration;
			buildSettings = {
				ALWAYS_SEARCH_USER_PATHS = NO;
				CLANG_ANALYZER_NONNULL = YES;
				CLANG_CXX_LANGUAGE_STANDARD = "gnu++0x";
				CLANG_CXX_LIBRARY = "libc++";
				CLANG_ENABLE_MODULES = YES;
				CLANG_ENABLE_OBJC_ARC = YES;
				CLANG_WARN_BOOL_CONVERSION = YES;
				CLANG_WARN_CONSTANT_CONVERSION = YES;
				CLANG_WARN_DIRECT_OBJC_ISA_USAGE = YES_ERROR;
				CLANG_WARN_DOCUMENTATION_COMMENTS = YES;
				CLANG_WARN_EMPTY_BODY = YES;
				CLANG_WARN_ENUM_CONVERSION = YES;
				CLANG_WARN_INFINITE_RECURSION = YES;
				CLANG_WARN_INT_CONVERSION = YES;
				CLANG_WARN_OBJC_ROOT_CLASS = YES_ERROR;
				CLANG_WARN_SUSPICIOUS_MOVE = YES;
				CLANG_WARN_UNREACHABLE_CODE = YES;
				CLANG_WARN__DUPLICATE_METHOD_MATCH = YES;
				"CODE_SIGN_IDENTITY[sdk=iphoneos*]" = "iPhone Developer";
				COPY_PHASE_STRIP = NO;
				DEBUG_INFORMATION_FORMAT = "dwarf-with-dsym";
				ENABLE_NS_ASSERTIONS = NO;
				ENABLE_STRICT_OBJC_MSGSEND = YES;
				GCC_C_LANGUAGE_STANDARD = gnu99;
				GCC_NO_COMMON_BLOCKS = YES;
				GCC_WARN_64_TO_32_BIT_CONVERSION = YES;
				GCC_WARN_ABOUT_RETURN_TYPE = YES_ERROR;
				GCC_WARN_UNDECLARED_SELECTOR = YES;
				GCC_WARN_UNINITIALIZED_AUTOS = YES_AGGRESSIVE;
				GCC_WARN_UNUSED_FUNCTION = YES;
				GCC_WARN_UNUSED_VARIABLE = YES;
				IPHONEOS_DEPLOYMENT_TARGET = 10.2;
				MTL_ENABLE_DEBUG_INFO = NO;
				SDKROOT = iphoneos;
				SWIFT_OPTIMIZATION_LEVEL = "-Owholemodule";
				TARGETED_DEVICE_FAMILY = "1,2";
				VALIDATE_PRODUCT = YES;
			};
			name = Release;
		};
		9481774D1E44050E00B05C1D /* Debug */ = {
			isa = XCBuildConfiguration;
			baseConfigurationReference = 3ED281820B0009F6E4E33D6F /* Pods-weather.debug.xcconfig */;
			buildSettings = {
				ASSETCATALOG_COMPILER_APPICON_NAME = AppIcon;
				INFOPLIST_FILE = weather/Info.plist;
				IPHONEOS_DEPLOYMENT_TARGET = 10.2;
				LD_RUNPATH_SEARCH_PATHS = "$(inherited) @executable_path/Frameworks";
				PRODUCT_BUNDLE_IDENTIFIER = com.inforia.weather;
				PRODUCT_NAME = "$(TARGET_NAME)";
				SWIFT_VERSION = 3.0;
			};
			name = Debug;
		};
		9481774E1E44050E00B05C1D /* Release */ = {
			isa = XCBuildConfiguration;
			baseConfigurationReference = 496F35F3542BFE67975EAB86 /* Pods-weather.release.xcconfig */;
			buildSettings = {
				ASSETCATALOG_COMPILER_APPICON_NAME = AppIcon;
				INFOPLIST_FILE = weather/Info.plist;
				IPHONEOS_DEPLOYMENT_TARGET = 10.2;
				LD_RUNPATH_SEARCH_PATHS = "$(inherited) @executable_path/Frameworks";
				PRODUCT_BUNDLE_IDENTIFIER = com.inforia.weather;
				PRODUCT_NAME = "$(TARGET_NAME)";
				SWIFT_VERSION = 3.0;
			};
			name = Release;
		};
/* End XCBuildConfiguration section */

/* Begin XCConfigurationList section */
		948177321E44050D00B05C1D /* Build configuration list for PBXProject "weather" */ = {
			isa = XCConfigurationList;
			buildConfigurations = (
				9481774A1E44050E00B05C1D /* Debug */,
				9481774B1E44050E00B05C1D /* Release */,
			);
			defaultConfigurationIsVisible = 0;
			defaultConfigurationName = Release;
		};
		9481774C1E44050E00B05C1D /* Build configuration list for PBXNativeTarget "weather" */ = {
			isa = XCConfigurationList;
			buildConfigurations = (
				9481774D1E44050E00B05C1D /* Debug */,
				9481774E1E44050E00B05C1D /* Release */,
			);
			defaultConfigurationIsVisible = 0;
			defaultConfigurationName = Release;
		};
/* End XCConfigurationList section */

/* Begin XCVersionGroup section */
		948177411E44050E00B05C1D /* weather.xcdatamodeld */ = {
			isa = XCVersionGroup;
			children = (
				948177421E44050E00B05C1D /* weather.xcdatamodel */,
			);
			currentVersion = 948177421E44050E00B05C1D /* weather.xcdatamodel */;
			path = weather.xcdatamodeld;
			sourceTree = "<group>";
			versionGroupType = wrapper.xcdatamodel;
		};
/* End XCVersionGroup section */
	};
	rootObject = 9481772F1E44050D00B05C1D /* Project object */;
}
